
Microsoft Visual Studio Solution File, Format Version 12.00
# Visual Studio Version 16
VisualStudioVersion = 16.0.34407.143
MinimumVisualStudioVersion = 10.0.40219.1
Project("{FAE04EC0-301F-11D3-BF4B-00C04F79EFBC}") = "TestFoodIt", "TestFoodIt\TestFoodIt.csproj", "{828DDF01-C2A5-4028-9199-F1787AC7D0FC}"
EndProject
Global
	GlobalSection(SolutionConfigurationPlatforms) = preSolution
		Debug|Any CPU = Debug|Any CPU
		Release|Any CPU = Release|Any CPU
	EndGlobalSection
	GlobalSection(ProjectConfigurationPlatforms) = postSolution
		{828DDF01-C2A5-4028-9199-F1787AC7D0FC}.Debug|Any CPU.ActiveCfg = Debug|Any CPU
		{828DDF01-C2A5-4028-9199-F1787AC7D0FC}.Debug|Any CPU.Build.0 = Debug|Any CPU
		{828DDF01-C2A5-4028-9199-F1787AC7D0FC}.Release|Any CPU.ActiveCfg = Release|Any CPU
		{828DDF01-C2A5-4028-9199-F1787AC7D0FC}.Release|Any CPU.Build.0 = Release|Any CPU
	EndGlobalSection
	GlobalSection(SolutionProperties) = preSolution
		HideSolutionNode = FALSE
	EndGlobalSection
	GlobalSection(ExtensibilityGlobals) = postSolution
		SolutionGuid = {40BBA7B6-0309-4325-A4DC-88A8BD0254CF}
	EndGlobalSection
EndGlobal
